
Microsoft Visual Studio Solution File, Format Version 12.00
# Visual Studio Version 16
VisualStudioVersion = 16.0.30907.101
MinimumVisualStudioVersion = 10.0.40219.1
Project("{FAE04EC0-301F-11D3-BF4B-00C04F79EFBC}") = "LumberInventoryManager", "LumberInventoryManager\LumberInventoryManager.csproj", "{92D388A5-A82A-437E-9D78-DA49DBFD3EA8}"
EndProject
Global
	GlobalSection(SolutionConfigurationPlatforms) = preSolution
		Debug|Any CPU = Debug|Any CPU
		Release|Any CPU = Release|Any CPU
	EndGlobalSection
	GlobalSection(ProjectConfigurationPlatforms) = postSolution
		{92D388A5-A82A-437E-9D78-DA49DBFD3EA8}.Debug|Any CPU.ActiveCfg = Debug|Any CPU
		{92D388A5-A82A-437E-9D78-DA49DBFD3EA8}.Debug|Any CPU.Build.0 = Debug|Any CPU
		{92D388A5-A82A-437E-9D78-DA49DBFD3EA8}.Release|Any CPU.ActiveCfg = Release|Any CPU
		{92D388A5-A82A-437E-9D78-DA49DBFD3EA8}.Release|Any CPU.Build.0 = Release|Any CPU
	EndGlobalSection
	GlobalSection(SolutionProperties) = preSolution
		HideSolutionNode = FALSE
	EndGlobalSection
	GlobalSection(ExtensibilityGlobals) = postSolution
		SolutionGuid = {C26341D8-3407-4366-A80E-29DF30E85EC8}
	EndGlobalSection
EndGlobal
